// !$*UTF8*$!
{
	archiveVersion = 1;
	classes = {
	};
	objectVersion = 46;
	objects = {

/* Begin PBXBuildFile section */
		1C5E1A575DE452CC78E11857 /* Pods_ojoTests.framework in Frameworks */ = {isa = PBXBuildFile; fileRef = 56186538FD968F2A0DE3E6FA /* Pods_ojoTests.framework */; };
		39F753BA02A636A93164FDF8 /* Pods_ojoUITests.framework in Frameworks */ = {isa = PBXBuildFile; fileRef = F3F9A55B378770304602E069 /* Pods_ojoUITests.framework */; };
		6B173E361E14D40200F937BA /* Stations3ViewController.swift in Sources */ = {isa = PBXBuildFile; fileRef = 6B173E351E14D40200F937BA /* Stations3ViewController.swift */; };
		6B173E381E14D42F00F937BA /* StationsViewControllerFactory.swift in Sources */ = {isa = PBXBuildFile; fileRef = 6B173E371E14D42F00F937BA /* StationsViewControllerFactory.swift */; };
		6B2791C21E1CA6ED00054A57 /* SwiftyJSON.framework in Frameworks */ = {isa = PBXBuildFile; fileRef = 6B2791C11E1CA6ED00054A57 /* SwiftyJSON.framework */; };
		6B494EBF1E175E6700A7E7F3 /* RemoteControlResponder.swift in Sources */ = {isa = PBXBuildFile; fileRef = 6B494EBE1E175E6700A7E7F3 /* RemoteControlResponder.swift */; };
		6B494EC11E1765F300A7E7F3 /* RemoteControlDelegate.swift in Sources */ = {isa = PBXBuildFile; fileRef = 6B494EC01E1765F300A7E7F3 /* RemoteControlDelegate.swift */; };
		6B71130A1E105AD400C3F33C /* Assets.xcassets in Resources */ = {isa = PBXBuildFile; fileRef = 6B7113091E105AD400C3F33C /* Assets.xcassets */; };
		6B7113181E105AD400C3F33C /* ojoTests.swift in Sources */ = {isa = PBXBuildFile; fileRef = 6B7113171E105AD400C3F33C /* ojoTests.swift */; };
		6B7113231E105AD400C3F33C /* ojoUITests.swift in Sources */ = {isa = PBXBuildFile; fileRef = 6B7113221E105AD400C3F33C /* ojoUITests.swift */; };
		6B801E2F1E1A2A49002C96F7 /* StationView.swift in Sources */ = {isa = PBXBuildFile; fileRef = 6B801E2E1E1A2A49002C96F7 /* StationView.swift */; };
		6B801E311E1AE470002C96F7 /* PlaybackDelegate.swift in Sources */ = {isa = PBXBuildFile; fileRef = 6B801E301E1AE470002C96F7 /* PlaybackDelegate.swift */; };
		6B801E331E1AE47B002C96F7 /* PlaybackState.swift in Sources */ = {isa = PBXBuildFile; fileRef = 6B801E321E1AE47B002C96F7 /* PlaybackState.swift */; };
		6B801E371E1B1457002C96F7 /* SwiftHEXColors.framework in Frameworks */ = {isa = PBXBuildFile; fileRef = 6B801E361E1B1457002C96F7 /* SwiftHEXColors.framework */; };
		6B801E391E1B156E002C96F7 /* UIImage+Color.swift in Sources */ = {isa = PBXBuildFile; fileRef = 6B801E381E1B156E002C96F7 /* UIImage+Color.swift */; };
		6B801E3D1E1B6343002C96F7 /* InfoCenterDelegate.swift in Sources */ = {isa = PBXBuildFile; fileRef = 6B801E3C1E1B6343002C96F7 /* InfoCenterDelegate.swift */; };
		6B801E3F1E1B6E7B002C96F7 /* AlamofireImage.framework in Frameworks */ = {isa = PBXBuildFile; fileRef = 6B801E3E1E1B6E7B002C96F7 /* AlamofireImage.framework */; };
		6B801E411E1B74B0002C96F7 /* PromiseKit.framework in Frameworks */ = {isa = PBXBuildFile; fileRef = 6B801E401E1B74B0002C96F7 /* PromiseKit.framework */; };
		6B801E451E1B7A16002C96F7 /* Promise+UIImage.swift in Sources */ = {isa = PBXBuildFile; fileRef = 6B801E441E1B7A16002C96F7 /* Promise+UIImage.swift */; };
		6B8ED9631E1B8A5500C49C45 /* GoogleService-Info.plist in Resources */ = {isa = PBXBuildFile; fileRef = 6B8ED9621E1B8A5500C49C45 /* GoogleService-Info.plist */; };
		6B8ED9641E1B8A5500C49C45 /* GoogleService-Info.plist in Resources */ = {isa = PBXBuildFile; fileRef = 6B8ED9621E1B8A5500C49C45 /* GoogleService-Info.plist */; };
		6B8ED9651E1B8A5500C49C45 /* GoogleService-Info.plist in Resources */ = {isa = PBXBuildFile; fileRef = 6B8ED9621E1B8A5500C49C45 /* GoogleService-Info.plist */; };
		6BA47E2F1E12EDFD002CF09A /* DefaultTopItemLabel.swift in Sources */ = {isa = PBXBuildFile; fileRef = 6BA47E2E1E12EDFD002CF09A /* DefaultTopItemLabel.swift */; };
		6BA6B34F1E15CC960033130E /* LaunchScreen.storyboard in Resources */ = {isa = PBXBuildFile; fileRef = 6BA6B34D1E15CC960033130E /* LaunchScreen.storyboard */; };
		6BA6B3541E15E2370033130E /* OJORoundedImageView.swift in Sources */ = {isa = PBXBuildFile; fileRef = 6BA6B3531E15E2370033130E /* OJORoundedImageView.swift */; };
		6BA6B35A1E16227E0033130E /* Miniplayer.swift in Sources */ = {isa = PBXBuildFile; fileRef = 6BA6B3591E16227E0033130E /* Miniplayer.swift */; };
		6BA6B35C1E1626CE0033130E /* NowPlayingInfo.swift in Sources */ = {isa = PBXBuildFile; fileRef = 6BA6B35B1E1626CE0033130E /* NowPlayingInfo.swift */; };
		6BA6B35E1E17174D0033130E /* UIColor+hex.swift in Sources */ = {isa = PBXBuildFile; fileRef = 6BA6B35D1E17174D0033130E /* UIColor+hex.swift */; };
		6BB8C2451E18620300F4AEE2 /* Future.swift in Sources */ = {isa = PBXBuildFile; fileRef = 6BB8C2441E18620300F4AEE2 /* Future.swift */; };
		6BBD1A6F1E1C1F0C00A74B6E /* MarqueeLabel.framework in Frameworks */ = {isa = PBXBuildFile; fileRef = 6BBD1A6E1E1C1F0C00A74B6E /* MarqueeLabel.framework */; };
		6BBD1A711E1C229E00A74B6E /* Mixpanel.framework in Frameworks */ = {isa = PBXBuildFile; fileRef = 6BBD1A701E1C229E00A74B6E /* Mixpanel.framework */; };
		6BBD1A731E1C231800A74B6E /* Analytics.swift in Sources */ = {isa = PBXBuildFile; fileRef = 6BBD1A721E1C231800A74B6E /* Analytics.swift */; };
		6BBD1A761E1C234400A74B6E /* PlaybackTracker.swift in Sources */ = {isa = PBXBuildFile; fileRef = 6BBD1A751E1C234400A74B6E /* PlaybackTracker.swift */; };
		6BCD64D11E171E5E002CA55E /* Alamofire.framework in Frameworks */ = {isa = PBXBuildFile; fileRef = 6BCD64D01E171E5E002CA55E /* Alamofire.framework */; };
		6BCD64D31E1720A5002CA55E /* NowPlayingInfoService.swift in Sources */ = {isa = PBXBuildFile; fileRef = 6BCD64D21E1720A5002CA55E /* NowPlayingInfoService.swift */; };
		6BCD64D51E172D57002CA55E /* Argo.framework in Frameworks */ = {isa = PBXBuildFile; fileRef = 6BCD64D41E172D57002CA55E /* Argo.framework */; };
		6BCD64D71E172F65002CA55E /* Runes.framework in Frameworks */ = {isa = PBXBuildFile; fileRef = 6BCD64D61E172F65002CA55E /* Runes.framework */; };
		6BCD64D91E172F86002CA55E /* Curry.framework in Frameworks */ = {isa = PBXBuildFile; fileRef = 6BCD64D81E172F86002CA55E /* Curry.framework */; };
		6BE8907C1E1A14A6000BB347 /* UITabBarRootViewController.swift in Sources */ = {isa = PBXBuildFile; fileRef = 6BE8907B1E1A14A6000BB347 /* UITabBarRootViewController.swift */; };
		6BF622181E1195FF00A207AC /* NewsItems.swift in Sources */ = {isa = PBXBuildFile; fileRef = 6BF622171E1195FF00A207AC /* NewsItems.swift */; };
		6BF6221A1E11AFDE00A207AC /* PlaybackManager.swift in Sources */ = {isa = PBXBuildFile; fileRef = 6BF622191E11AFDE00A207AC /* PlaybackManager.swift */; };
		6BF6221E1E11E8BF00A207AC /* DiscoverEventsViewController.swift in Sources */ = {isa = PBXBuildFile; fileRef = 6BF6221D1E11E8BF00A207AC /* DiscoverEventsViewController.swift */; };
		707374C41E11DA950013EDDF /* AppDelegate.swift in Sources */ = {isa = PBXBuildFile; fileRef = 707374C31E11DA950013EDDF /* AppDelegate.swift */; };
		707374C61E11DB6E0013EDDF /* Stations.swift in Sources */ = {isa = PBXBuildFile; fileRef = 707374C51E11DB6E0013EDDF /* Stations.swift */; };
		70D9CE141E11B207002D41B8 /* LNPopupController.framework in Frameworks */ = {isa = PBXBuildFile; fileRef = 70D9CE131E11B207002D41B8 /* LNPopupController.framework */; };
		70D9CE1B1E11D011002D41B8 /* NowPlayingViewController.swift in Sources */ = {isa = PBXBuildFile; fileRef = 70D9CE1A1E11D011002D41B8 /* NowPlayingViewController.swift */; };
		70D9CE1F1E11D22E002D41B8 /* MusicPlaybackButton.swift in Sources */ = {isa = PBXBuildFile; fileRef = 70D9CE1E1E11D22E002D41B8 /* MusicPlaybackButton.swift */; };
		70F3DAEA1E11E72A00B03D12 /* StationsNViewController.swift in Sources */ = {isa = PBXBuildFile; fileRef = 70F3DAE91E11E72A00B03D12 /* StationsNViewController.swift */; };
		70F3DB0F1E11E90A00B03D12 /* NewsFeedViewController.swift in Sources */ = {isa = PBXBuildFile; fileRef = 70F3DB0E1E11E90A00B03D12 /* NewsFeedViewController.swift */; };
		70F3DB131E11F3C800B03D12 /* RadioStationCollectionViewCell.swift in Sources */ = {isa = PBXBuildFile; fileRef = 70F3DB121E11F3C800B03D12 /* RadioStationCollectionViewCell.swift */; };
		70F3DB181E11F98D00B03D12 /* Utils.swift in Sources */ = {isa = PBXBuildFile; fileRef = 70F3DB171E11F98D00B03D12 /* Utils.swift */; };
		70F3DB1A1E11FFAE00B03D12 /* NewsItemViewController.swift in Sources */ = {isa = PBXBuildFile; fileRef = 70F3DB191E11FFAE00B03D12 /* NewsItemViewController.swift */; };
		70F3DB1C1E12034000B03D12 /* HidingNavigationBar.framework in Frameworks */ = {isa = PBXBuildFile; fileRef = 70F3DB1B1E12034000B03D12 /* HidingNavigationBar.framework */; };
		FA689DD244AAE9F5421F1A74 /* Pods_ojo.framework in Frameworks */ = {isa = PBXBuildFile; fileRef = FF89B71D91A139294E69809C /* Pods_ojo.framework */; };
/* End PBXBuildFile section */

/* Begin PBXContainerItemProxy section */
		6B7113141E105AD400C3F33C /* PBXContainerItemProxy */ = {
			isa = PBXContainerItemProxy;
			containerPortal = 6B7112F71E105AD400C3F33C /* Project object */;
			proxyType = 1;
			remoteGlobalIDString = 6B7112FE1E105AD400C3F33C;
			remoteInfo = ojo;
		};
		6B71131F1E105AD400C3F33C /* PBXContainerItemProxy */ = {
			isa = PBXContainerItemProxy;
			containerPortal = 6B7112F71E105AD400C3F33C /* Project object */;
			proxyType = 1;
			remoteGlobalIDString = 6B7112FE1E105AD400C3F33C;
			remoteInfo = ojo;
		};
/* End PBXContainerItemProxy section */

/* Begin PBXFileReference section */
		11AC7DD7EE3884742AD24562 /* Pods-ojo.debug.xcconfig */ = {isa = PBXFileReference; includeInIndex = 1; lastKnownFileType = text.xcconfig; name = "Pods-ojo.debug.xcconfig"; path = "Pods/Target Support Files/Pods-ojo/Pods-ojo.debug.xcconfig"; sourceTree = "<group>"; };
		56186538FD968F2A0DE3E6FA /* Pods_ojoTests.framework */ = {isa = PBXFileReference; explicitFileType = wrapper.framework; includeInIndex = 0; path = Pods_ojoTests.framework; sourceTree = BUILT_PRODUCTS_DIR; };
		6259BA627F71B1FCD5CC2C3C /* Pods-ojoTests.release.xcconfig */ = {isa = PBXFileReference; includeInIndex = 1; lastKnownFileType = text.xcconfig; name = "Pods-ojoTests.release.xcconfig"; path = "Pods/Target Support Files/Pods-ojoTests/Pods-ojoTests.release.xcconfig"; sourceTree = "<group>"; };
		67DBF4F1610D087365F1F5A1 /* Pods-ojoTests.debug.xcconfig */ = {isa = PBXFileReference; includeInIndex = 1; lastKnownFileType = text.xcconfig; name = "Pods-ojoTests.debug.xcconfig"; path = "Pods/Target Support Files/Pods-ojoTests/Pods-ojoTests.debug.xcconfig"; sourceTree = "<group>"; };
		6B173E351E14D40200F937BA /* Stations3ViewController.swift */ = {isa = PBXFileReference; fileEncoding = 4; lastKnownFileType = sourcecode.swift; path = Stations3ViewController.swift; sourceTree = "<group>"; wrapsLines = 0; };
		6B173E371E14D42F00F937BA /* StationsViewControllerFactory.swift */ = {isa = PBXFileReference; fileEncoding = 4; lastKnownFileType = sourcecode.swift; path = StationsViewControllerFactory.swift; sourceTree = "<group>"; };
		6B2791C01E1C718B00054A57 /* ojo.entitlements */ = {isa = PBXFileReference; lastKnownFileType = text.plist.entitlements; path = ojo.entitlements; sourceTree = "<group>"; };
		6B2791C11E1CA6ED00054A57 /* SwiftyJSON.framework */ = {isa = PBXFileReference; lastKnownFileType = wrapper.framework; name = SwiftyJSON.framework; path = Carthage/Build/iOS/SwiftyJSON.framework; sourceTree = SOURCE_ROOT; };
		6B494EBE1E175E6700A7E7F3 /* RemoteControlResponder.swift */ = {isa = PBXFileReference; fileEncoding = 4; lastKnownFileType = sourcecode.swift; path = RemoteControlResponder.swift; sourceTree = "<group>"; };
		6B494EC01E1765F300A7E7F3 /* RemoteControlDelegate.swift */ = {isa = PBXFileReference; fileEncoding = 4; lastKnownFileType = sourcecode.swift; path = RemoteControlDelegate.swift; sourceTree = "<group>"; };
		6B7112FF1E105AD400C3F33C /* ojo.app */ = {isa = PBXFileReference; explicitFileType = wrapper.application; includeInIndex = 0; path = ojo.app; sourceTree = BUILT_PRODUCTS_DIR; };
		6B7113091E105AD400C3F33C /* Assets.xcassets */ = {isa = PBXFileReference; lastKnownFileType = folder.assetcatalog; path = Assets.xcassets; sourceTree = "<group>"; };
		6B71130E1E105AD400C3F33C /* Info.plist */ = {isa = PBXFileReference; lastKnownFileType = text.plist.xml; path = Info.plist; sourceTree = "<group>"; };
		6B7113131E105AD400C3F33C /* ojoTests.xctest */ = {isa = PBXFileReference; explicitFileType = wrapper.cfbundle; includeInIndex = 0; path = ojoTests.xctest; sourceTree = BUILT_PRODUCTS_DIR; };
		6B7113171E105AD400C3F33C /* ojoTests.swift */ = {isa = PBXFileReference; lastKnownFileType = sourcecode.swift; path = ojoTests.swift; sourceTree = "<group>"; };
		6B7113191E105AD400C3F33C /* Info.plist */ = {isa = PBXFileReference; lastKnownFileType = text.plist.xml; path = Info.plist; sourceTree = "<group>"; };
		6B71131E1E105AD400C3F33C /* ojoUITests.xctest */ = {isa = PBXFileReference; explicitFileType = wrapper.cfbundle; includeInIndex = 0; path = ojoUITests.xctest; sourceTree = BUILT_PRODUCTS_DIR; };
		6B7113221E105AD400C3F33C /* ojoUITests.swift */ = {isa = PBXFileReference; lastKnownFileType = sourcecode.swift; path = ojoUITests.swift; sourceTree = "<group>"; };
		6B7113241E105AD400C3F33C /* Info.plist */ = {isa = PBXFileReference; lastKnownFileType = text.plist.xml; path = Info.plist; sourceTree = "<group>"; };
		6B801E2E1E1A2A49002C96F7 /* StationView.swift */ = {isa = PBXFileReference; fileEncoding = 4; lastKnownFileType = sourcecode.swift; path = StationView.swift; sourceTree = "<group>"; };
		6B801E301E1AE470002C96F7 /* PlaybackDelegate.swift */ = {isa = PBXFileReference; fileEncoding = 4; lastKnownFileType = sourcecode.swift; path = PlaybackDelegate.swift; sourceTree = "<group>"; };
		6B801E321E1AE47B002C96F7 /* PlaybackState.swift */ = {isa = PBXFileReference; fileEncoding = 4; lastKnownFileType = sourcecode.swift; path = PlaybackState.swift; sourceTree = "<group>"; };
		6B801E361E1B1457002C96F7 /* SwiftHEXColors.framework */ = {isa = PBXFileReference; lastKnownFileType = wrapper.framework; name = SwiftHEXColors.framework; path = Carthage/Build/iOS/SwiftHEXColors.framework; sourceTree = SOURCE_ROOT; };
		6B801E381E1B156E002C96F7 /* UIImage+Color.swift */ = {isa = PBXFileReference; fileEncoding = 4; lastKnownFileType = sourcecode.swift; path = "UIImage+Color.swift"; sourceTree = "<group>"; };
		6B801E3C1E1B6343002C96F7 /* InfoCenterDelegate.swift */ = {isa = PBXFileReference; fileEncoding = 4; lastKnownFileType = sourcecode.swift; path = InfoCenterDelegate.swift; sourceTree = "<group>"; };
		6B801E3E1E1B6E7B002C96F7 /* AlamofireImage.framework */ = {isa = PBXFileReference; lastKnownFileType = wrapper.framework; name = AlamofireImage.framework; path = Carthage/Build/iOS/AlamofireImage.framework; sourceTree = SOURCE_ROOT; };
		6B801E401E1B74B0002C96F7 /* PromiseKit.framework */ = {isa = PBXFileReference; lastKnownFileType = wrapper.framework; name = PromiseKit.framework; path = Carthage/Build/iOS/PromiseKit.framework; sourceTree = SOURCE_ROOT; };
		6B801E441E1B7A16002C96F7 /* Promise+UIImage.swift */ = {isa = PBXFileReference; fileEncoding = 4; lastKnownFileType = sourcecode.swift; path = "Promise+UIImage.swift"; sourceTree = "<group>"; };
		6B8ED9621E1B8A5500C49C45 /* GoogleService-Info.plist */ = {isa = PBXFileReference; fileEncoding = 4; lastKnownFileType = text.plist.xml; path = "GoogleService-Info.plist"; sourceTree = "<group>"; };
		6BA47E2E1E12EDFD002CF09A /* DefaultTopItemLabel.swift */ = {isa = PBXFileReference; fileEncoding = 4; lastKnownFileType = sourcecode.swift; path = DefaultTopItemLabel.swift; sourceTree = "<group>"; };
		6BA6B34E1E15CC960033130E /* Base */ = {isa = PBXFileReference; lastKnownFileType = file.storyboard; name = Base; path = Base.lproj/LaunchScreen.storyboard; sourceTree = "<group>"; };
		6BA6B3531E15E2370033130E /* OJORoundedImageView.swift */ = {isa = PBXFileReference; fileEncoding = 4; lastKnownFileType = sourcecode.swift; path = OJORoundedImageView.swift; sourceTree = "<group>"; };
		6BA6B3591E16227E0033130E /* Miniplayer.swift */ = {isa = PBXFileReference; fileEncoding = 4; lastKnownFileType = sourcecode.swift; path = Miniplayer.swift; sourceTree = "<group>"; };
		6BA6B35B1E1626CE0033130E /* NowPlayingInfo.swift */ = {isa = PBXFileReference; fileEncoding = 4; lastKnownFileType = sourcecode.swift; path = NowPlayingInfo.swift; sourceTree = "<group>"; };
		6BA6B35D1E17174D0033130E /* UIColor+hex.swift */ = {isa = PBXFileReference; fileEncoding = 4; lastKnownFileType = sourcecode.swift; path = "UIColor+hex.swift"; sourceTree = "<group>"; };
		6BB8C2441E18620300F4AEE2 /* Future.swift */ = {isa = PBXFileReference; fileEncoding = 4; lastKnownFileType = sourcecode.swift; path = Future.swift; sourceTree = "<group>"; };
		6BBD1A6E1E1C1F0C00A74B6E /* MarqueeLabel.framework */ = {isa = PBXFileReference; lastKnownFileType = wrapper.framework; name = MarqueeLabel.framework; path = Carthage/Build/iOS/MarqueeLabel.framework; sourceTree = SOURCE_ROOT; };
		6BBD1A701E1C229E00A74B6E /* Mixpanel.framework */ = {isa = PBXFileReference; lastKnownFileType = wrapper.framework; name = Mixpanel.framework; path = Carthage/Build/iOS/Mixpanel.framework; sourceTree = SOURCE_ROOT; };
		6BBD1A721E1C231800A74B6E /* Analytics.swift */ = {isa = PBXFileReference; fileEncoding = 4; lastKnownFileType = sourcecode.swift; path = Analytics.swift; sourceTree = "<group>"; };
		6BBD1A751E1C234400A74B6E /* PlaybackTracker.swift */ = {isa = PBXFileReference; fileEncoding = 4; lastKnownFileType = sourcecode.swift; path = PlaybackTracker.swift; sourceTree = "<group>"; };
		6BCD64D01E171E5E002CA55E /* Alamofire.framework */ = {isa = PBXFileReference; lastKnownFileType = wrapper.framework; name = Alamofire.framework; path = Carthage/Build/iOS/Alamofire.framework; sourceTree = SOURCE_ROOT; };
		6BCD64D21E1720A5002CA55E /* NowPlayingInfoService.swift */ = {isa = PBXFileReference; fileEncoding = 4; lastKnownFileType = sourcecode.swift; path = NowPlayingInfoService.swift; sourceTree = "<group>"; };
		6BCD64D41E172D57002CA55E /* Argo.framework */ = {isa = PBXFileReference; lastKnownFileType = wrapper.framework; name = Argo.framework; path = Carthage/Build/iOS/Argo.framework; sourceTree = SOURCE_ROOT; };
		6BCD64D61E172F65002CA55E /* Runes.framework */ = {isa = PBXFileReference; lastKnownFileType = wrapper.framework; name = Runes.framework; path = Carthage/Build/iOS/Runes.framework; sourceTree = SOURCE_ROOT; };
		6BCD64D81E172F86002CA55E /* Curry.framework */ = {isa = PBXFileReference; lastKnownFileType = wrapper.framework; name = Curry.framework; path = Carthage/Build/iOS/Curry.framework; sourceTree = SOURCE_ROOT; };
		6BE8907B1E1A14A6000BB347 /* UITabBarRootViewController.swift */ = {isa = PBXFileReference; fileEncoding = 4; lastKnownFileType = sourcecode.swift; path = UITabBarRootViewController.swift; sourceTree = "<group>"; };
		6BF622171E1195FF00A207AC /* NewsItems.swift */ = {isa = PBXFileReference; fileEncoding = 4; lastKnownFileType = sourcecode.swift; path = NewsItems.swift; sourceTree = "<group>"; };
		6BF622191E11AFDE00A207AC /* PlaybackManager.swift */ = {isa = PBXFileReference; fileEncoding = 4; lastKnownFileType = sourcecode.swift; path = PlaybackManager.swift; sourceTree = "<group>"; };
		6BF6221D1E11E8BF00A207AC /* DiscoverEventsViewController.swift */ = {isa = PBXFileReference; fileEncoding = 4; lastKnownFileType = sourcecode.swift; path = DiscoverEventsViewController.swift; sourceTree = "<group>"; };
		707374C31E11DA950013EDDF /* AppDelegate.swift */ = {isa = PBXFileReference; fileEncoding = 4; lastKnownFileType = sourcecode.swift; path = AppDelegate.swift; sourceTree = "<group>"; };
		707374C51E11DB6E0013EDDF /* Stations.swift */ = {isa = PBXFileReference; fileEncoding = 4; lastKnownFileType = sourcecode.swift; path = Stations.swift; sourceTree = "<group>"; };
		70D9CE131E11B207002D41B8 /* LNPopupController.framework */ = {isa = PBXFileReference; lastKnownFileType = wrapper.framework; name = LNPopupController.framework; path = Carthage/Build/iOS/LNPopupController.framework; sourceTree = SOURCE_ROOT; };
		70D9CE1A1E11D011002D41B8 /* NowPlayingViewController.swift */ = {isa = PBXFileReference; fileEncoding = 4; lastKnownFileType = sourcecode.swift; path = NowPlayingViewController.swift; sourceTree = "<group>"; };
		70D9CE1E1E11D22E002D41B8 /* MusicPlaybackButton.swift */ = {isa = PBXFileReference; fileEncoding = 4; lastKnownFileType = sourcecode.swift; path = MusicPlaybackButton.swift; sourceTree = "<group>"; };
		70F3DAE91E11E72A00B03D12 /* StationsNViewController.swift */ = {isa = PBXFileReference; fileEncoding = 4; lastKnownFileType = sourcecode.swift; path = StationsNViewController.swift; sourceTree = "<group>"; };
		70F3DB0E1E11E90A00B03D12 /* NewsFeedViewController.swift */ = {isa = PBXFileReference; fileEncoding = 4; lastKnownFileType = sourcecode.swift; path = NewsFeedViewController.swift; sourceTree = "<group>"; };
		70F3DB121E11F3C800B03D12 /* RadioStationCollectionViewCell.swift */ = {isa = PBXFileReference; fileEncoding = 4; lastKnownFileType = sourcecode.swift; path = RadioStationCollectionViewCell.swift; sourceTree = "<group>"; };
		70F3DB171E11F98D00B03D12 /* Utils.swift */ = {isa = PBXFileReference; fileEncoding = 4; lastKnownFileType = sourcecode.swift; path = Utils.swift; sourceTree = "<group>"; };
		70F3DB191E11FFAE00B03D12 /* NewsItemViewController.swift */ = {isa = PBXFileReference; fileEncoding = 4; lastKnownFileType = sourcecode.swift; path = NewsItemViewController.swift; sourceTree = "<group>"; };
		70F3DB1B1E12034000B03D12 /* HidingNavigationBar.framework */ = {isa = PBXFileReference; lastKnownFileType = wrapper.framework; name = HidingNavigationBar.framework; path = Carthage/Build/iOS/HidingNavigationBar.framework; sourceTree = SOURCE_ROOT; };
		85E0C54ED5B75A5862CEC7D9 /* Pods-ojoUITests.debug.xcconfig */ = {isa = PBXFileReference; includeInIndex = 1; lastKnownFileType = text.xcconfig; name = "Pods-ojoUITests.debug.xcconfig"; path = "Pods/Target Support Files/Pods-ojoUITests/Pods-ojoUITests.debug.xcconfig"; sourceTree = "<group>"; };
		DEAC17425A99129A742ABF53 /* Pods-ojoUITests.release.xcconfig */ = {isa = PBXFileReference; includeInIndex = 1; lastKnownFileType = text.xcconfig; name = "Pods-ojoUITests.release.xcconfig"; path = "Pods/Target Support Files/Pods-ojoUITests/Pods-ojoUITests.release.xcconfig"; sourceTree = "<group>"; };
		E105031A56240E75157B18BA /* Pods-ojo.release.xcconfig */ = {isa = PBXFileReference; includeInIndex = 1; lastKnownFileType = text.xcconfig; name = "Pods-ojo.release.xcconfig"; path = "Pods/Target Support Files/Pods-ojo/Pods-ojo.release.xcconfig"; sourceTree = "<group>"; };
		F3F9A55B378770304602E069 /* Pods_ojoUITests.framework */ = {isa = PBXFileReference; explicitFileType = wrapper.framework; includeInIndex = 0; path = Pods_ojoUITests.framework; sourceTree = BUILT_PRODUCTS_DIR; };
		FF89B71D91A139294E69809C /* Pods_ojo.framework */ = {isa = PBXFileReference; explicitFileType = wrapper.framework; includeInIndex = 0; path = Pods_ojo.framework; sourceTree = BUILT_PRODUCTS_DIR; };
/* End PBXFileReference section */

/* Begin PBXFrameworksBuildPhase section */
		6B7112FC1E105AD400C3F33C /* Frameworks */ = {
			isa = PBXFrameworksBuildPhase;
			buildActionMask = 2147483647;
			files = (
				6B2791C21E1CA6ED00054A57 /* SwiftyJSON.framework in Frameworks */,
				6B801E3F1E1B6E7B002C96F7 /* AlamofireImage.framework in Frameworks */,
				6B801E371E1B1457002C96F7 /* SwiftHEXColors.framework in Frameworks */,
				70D9CE141E11B207002D41B8 /* LNPopupController.framework in Frameworks */,
				6BCD64D11E171E5E002CA55E /* Alamofire.framework in Frameworks */,
				6BBD1A711E1C229E00A74B6E /* Mixpanel.framework in Frameworks */,
				6BCD64D91E172F86002CA55E /* Curry.framework in Frameworks */,
				70F3DB1C1E12034000B03D12 /* HidingNavigationBar.framework in Frameworks */,
				6BCD64D71E172F65002CA55E /* Runes.framework in Frameworks */,
				6B801E411E1B74B0002C96F7 /* PromiseKit.framework in Frameworks */,
				6BBD1A6F1E1C1F0C00A74B6E /* MarqueeLabel.framework in Frameworks */,
				6BCD64D51E172D57002CA55E /* Argo.framework in Frameworks */,
				FA689DD244AAE9F5421F1A74 /* Pods_ojo.framework in Frameworks */,
			);
			runOnlyForDeploymentPostprocessing = 0;
		};
		6B7113101E105AD400C3F33C /* Frameworks */ = {
			isa = PBXFrameworksBuildPhase;
			buildActionMask = 2147483647;
			files = (
				1C5E1A575DE452CC78E11857 /* Pods_ojoTests.framework in Frameworks */,
			);
			runOnlyForDeploymentPostprocessing = 0;
		};
		6B71131B1E105AD400C3F33C /* Frameworks */ = {
			isa = PBXFrameworksBuildPhase;
			buildActionMask = 2147483647;
			files = (
				39F753BA02A636A93164FDF8 /* Pods_ojoUITests.framework in Frameworks */,
			);
			runOnlyForDeploymentPostprocessing = 0;
		};
/* End PBXFrameworksBuildPhase section */

/* Begin PBXGroup section */
		6B7112F61E105AD400C3F33C = {
			isa = PBXGroup;
			children = (
				6B7113011E105AD400C3F33C /* ojo */,
				6B7113161E105AD400C3F33C /* ojoTests */,
				6B7113211E105AD400C3F33C /* ojoUITests */,
				6B7113001E105AD400C3F33C /* Products */,
				B8A759F1D72DDCE2BC21E301 /* Pods */,
				86F0ED5AD4769854AFEC49D7 /* Frameworks */,
			);
			sourceTree = "<group>";
		};
		6B7113001E105AD400C3F33C /* Products */ = {
			isa = PBXGroup;
			children = (
				6B7112FF1E105AD400C3F33C /* ojo.app */,
				6B7113131E105AD400C3F33C /* ojoTests.xctest */,
				6B71131E1E105AD400C3F33C /* ojoUITests.xctest */,
			);
			name = Products;
			sourceTree = "<group>";
		};
		6B7113011E105AD400C3F33C /* ojo */ = {
			isa = PBXGroup;
			children = (
				6B2791C01E1C718B00054A57 /* ojo.entitlements */,
				704C94A31E11AC6F00A7D2BF /* Frameworks */,
				6BA6B3521E15E2070033130E /* Library */,
				6BA6B3501E15E1D80033130E /* Features */,
				707374C31E11DA950013EDDF /* AppDelegate.swift */,
				6BE8907B1E1A14A6000BB347 /* UITabBarRootViewController.swift */,
				70F3DB171E11F98D00B03D12 /* Utils.swift */,
				6BA6B34D1E15CC960033130E /* LaunchScreen.storyboard */,
				6B7113091E105AD400C3F33C /* Assets.xcassets */,
				6B71130E1E105AD400C3F33C /* Info.plist */,
				6B8ED9621E1B8A5500C49C45 /* GoogleService-Info.plist */,
			);
			path = ojo;
			sourceTree = "<group>";
		};
		6B7113161E105AD400C3F33C /* ojoTests */ = {
			isa = PBXGroup;
			children = (
				6B7113171E105AD400C3F33C /* ojoTests.swift */,
				6B7113191E105AD400C3F33C /* Info.plist */,
			);
			path = ojoTests;
			sourceTree = "<group>";
		};
		6B7113211E105AD400C3F33C /* ojoUITests */ = {
			isa = PBXGroup;
			children = (
				6B7113221E105AD400C3F33C /* ojoUITests.swift */,
				6B7113241E105AD400C3F33C /* Info.plist */,
			);
			path = ojoUITests;
			sourceTree = "<group>";
		};
		6BA6B3501E15E1D80033130E /* Features */ = {
			isa = PBXGroup;
			children = (
				6BBD1A741E1C233900A74B6E /* Analytics */,
				6BA6B3571E15E6750033130E /* Discover Events */,
				6BA6B3551E15E6380033130E /* Miniplayer and Now Playing */,
				6BA6B3561E15E6700033130E /* News Feed */,
				6BA6B3511E15E1DF0033130E /* Stations */,
				6BA6B3581E15E6D70033130E /* Streaming */,
			);
			name = Features;
			sourceTree = "<group>";
		};
		6BA6B3511E15E1DF0033130E /* Stations */ = {
			isa = PBXGroup;
			children = (
				70F3DB121E11F3C800B03D12 /* RadioStationCollectionViewCell.swift */,
				707374C51E11DB6E0013EDDF /* Stations.swift */,
				6B801E2E1E1A2A49002C96F7 /* StationView.swift */,
				70F3DAE91E11E72A00B03D12 /* StationsNViewController.swift */,
				6B173E351E14D40200F937BA /* Stations3ViewController.swift */,
				6B173E371E14D42F00F937BA /* StationsViewControllerFactory.swift */,
			);
			name = Stations;
			sourceTree = "<group>";
		};
		6BA6B3521E15E2070033130E /* Library */ = {
			isa = PBXGroup;
			children = (
				6BA47E2E1E12EDFD002CF09A /* DefaultTopItemLabel.swift */,
				6BB8C2441E18620300F4AEE2 /* Future.swift */,
				6BA6B35D1E17174D0033130E /* UIColor+hex.swift */,
				6BA6B3531E15E2370033130E /* OJORoundedImageView.swift */,
				6B801E381E1B156E002C96F7 /* UIImage+Color.swift */,
				6B801E441E1B7A16002C96F7 /* Promise+UIImage.swift */,
			);
			name = Library;
			sourceTree = "<group>";
		};
		6BA6B3551E15E6380033130E /* Miniplayer and Now Playing */ = {
			isa = PBXGroup;
			children = (
				6BA6B3591E16227E0033130E /* Miniplayer.swift */,
				70D9CE1E1E11D22E002D41B8 /* MusicPlaybackButton.swift */,
				70D9CE1A1E11D011002D41B8 /* NowPlayingViewController.swift */,
			);
			name = "Miniplayer and Now Playing";
			sourceTree = "<group>";
		};
		6BA6B3561E15E6700033130E /* News Feed */ = {
			isa = PBXGroup;
			children = (
				70F3DB0E1E11E90A00B03D12 /* NewsFeedViewController.swift */,
				6BF622171E1195FF00A207AC /* NewsItems.swift */,
				70F3DB191E11FFAE00B03D12 /* NewsItemViewController.swift */,
			);
			name = "News Feed";
			sourceTree = "<group>";
		};
		6BA6B3571E15E6750033130E /* Discover Events */ = {
			isa = PBXGroup;
			children = (
				6BF6221D1E11E8BF00A207AC /* DiscoverEventsViewController.swift */,
			);
			name = "Discover Events";
			sourceTree = "<group>";
		};
		6BA6B3581E15E6D70033130E /* Streaming */ = {
			isa = PBXGroup;
			children = (
				6B801E3C1E1B6343002C96F7 /* InfoCenterDelegate.swift */,
				6BA6B35B1E1626CE0033130E /* NowPlayingInfo.swift */,
				6BCD64D21E1720A5002CA55E /* NowPlayingInfoService.swift */,
				6B801E301E1AE470002C96F7 /* PlaybackDelegate.swift */,
				6BF622191E11AFDE00A207AC /* PlaybackManager.swift */,
				6B801E321E1AE47B002C96F7 /* PlaybackState.swift */,
				6B494EBE1E175E6700A7E7F3 /* RemoteControlResponder.swift */,
				6B494EC01E1765F300A7E7F3 /* RemoteControlDelegate.swift */,
			);
			name = Streaming;
			sourceTree = "<group>";
		};
		6BBD1A741E1C233900A74B6E /* Analytics */ = {
			isa = PBXGroup;
			children = (
				6BBD1A721E1C231800A74B6E /* Analytics.swift */,
				6BBD1A751E1C234400A74B6E /* PlaybackTracker.swift */,
			);
			name = Analytics;
			sourceTree = "<group>";
		};
		704C94A31E11AC6F00A7D2BF /* Frameworks */ = {
			isa = PBXGroup;
			children = (
				6BCD64D01E171E5E002CA55E /* Alamofire.framework */,
				6B801E3E1E1B6E7B002C96F7 /* AlamofireImage.framework */,
				6BCD64D41E172D57002CA55E /* Argo.framework */,
				6BCD64D81E172F86002CA55E /* Curry.framework */,
				70F3DB1B1E12034000B03D12 /* HidingNavigationBar.framework */,
				70D9CE131E11B207002D41B8 /* LNPopupController.framework */,
				6BBD1A6E1E1C1F0C00A74B6E /* MarqueeLabel.framework */,
				6BBD1A701E1C229E00A74B6E /* Mixpanel.framework */,
				6B801E401E1B74B0002C96F7 /* PromiseKit.framework */,
				6BCD64D61E172F65002CA55E /* Runes.framework */,
				6B801E361E1B1457002C96F7 /* SwiftHEXColors.framework */,
				6B2791C11E1CA6ED00054A57 /* SwiftyJSON.framework */,
			);
			name = Frameworks;
			sourceTree = "<group>";
		};
		86F0ED5AD4769854AFEC49D7 /* Frameworks */ = {
			isa = PBXGroup;
			children = (
				FF89B71D91A139294E69809C /* Pods_ojo.framework */,
				56186538FD968F2A0DE3E6FA /* Pods_ojoTests.framework */,
				F3F9A55B378770304602E069 /* Pods_ojoUITests.framework */,
			);
			name = Frameworks;
			sourceTree = "<group>";
		};
		B8A759F1D72DDCE2BC21E301 /* Pods */ = {
			isa = PBXGroup;
			children = (
				11AC7DD7EE3884742AD24562 /* Pods-ojo.debug.xcconfig */,
				E105031A56240E75157B18BA /* Pods-ojo.release.xcconfig */,
				67DBF4F1610D087365F1F5A1 /* Pods-ojoTests.debug.xcconfig */,
				6259BA627F71B1FCD5CC2C3C /* Pods-ojoTests.release.xcconfig */,
				85E0C54ED5B75A5862CEC7D9 /* Pods-ojoUITests.debug.xcconfig */,
				DEAC17425A99129A742ABF53 /* Pods-ojoUITests.release.xcconfig */,
			);
			name = Pods;
			sourceTree = "<group>";
		};
/* End PBXGroup section */

/* Begin PBXNativeTarget section */
		6B7112FE1E105AD400C3F33C /* ojo */ = {
			isa = PBXNativeTarget;
			buildConfigurationList = 6B7113271E105AD400C3F33C /* Build configuration list for PBXNativeTarget "ojo" */;
			buildPhases = (
				4A8ABEA08CE8E46A76099C9C /* [CP] Check Pods Manifest.lock */,
				6B7112FB1E105AD400C3F33C /* Sources */,
				6B7112FC1E105AD400C3F33C /* Frameworks */,
				6B7112FD1E105AD400C3F33C /* Resources */,
				70D9CE161E11B23D002D41B8 /* ShellScript */,
				DC4EEE69DF4A7CFD8F6037E3 /* [CP] Embed Pods Frameworks */,
				FFF421AE44FFBA94A93A5D2D /* [CP] Copy Pods Resources */,
			);
			buildRules = (
			);
			dependencies = (
			);
			name = ojo;
			productName = ojo;
			productReference = 6B7112FF1E105AD400C3F33C /* ojo.app */;
			productType = "com.apple.product-type.application";
		};
		6B7113121E105AD400C3F33C /* ojoTests */ = {
			isa = PBXNativeTarget;
			buildConfigurationList = 6B71132A1E105AD400C3F33C /* Build configuration list for PBXNativeTarget "ojoTests" */;
			buildPhases = (
				C4E2540E9A97EB93837BD673 /* [CP] Check Pods Manifest.lock */,
				6B71130F1E105AD400C3F33C /* Sources */,
				6B7113101E105AD400C3F33C /* Frameworks */,
				6B7113111E105AD400C3F33C /* Resources */,
				CF378C78B2640E28D27E3B23 /* [CP] Embed Pods Frameworks */,
				F993B3A03207759CB4F80E4D /* [CP] Copy Pods Resources */,
			);
			buildRules = (
			);
			dependencies = (
				6B7113151E105AD400C3F33C /* PBXTargetDependency */,
			);
			name = ojoTests;
			productName = ojoTests;
			productReference = 6B7113131E105AD400C3F33C /* ojoTests.xctest */;
			productType = "com.apple.product-type.bundle.unit-test";
		};
		6B71131D1E105AD400C3F33C /* ojoUITests */ = {
			isa = PBXNativeTarget;
			buildConfigurationList = 6B71132D1E105AD400C3F33C /* Build configuration list for PBXNativeTarget "ojoUITests" */;
			buildPhases = (
				B0D2E45810D9125841316417 /* [CP] Check Pods Manifest.lock */,
				6B71131A1E105AD400C3F33C /* Sources */,
				6B71131B1E105AD400C3F33C /* Frameworks */,
				6B71131C1E105AD400C3F33C /* Resources */,
				44357744239BE48C8D212CF6 /* [CP] Embed Pods Frameworks */,
				657B82D02C593E129C042D3F /* [CP] Copy Pods Resources */,
			);
			buildRules = (
			);
			dependencies = (
				6B7113201E105AD400C3F33C /* PBXTargetDependency */,
			);
			name = ojoUITests;
			productName = ojoUITests;
			productReference = 6B71131E1E105AD400C3F33C /* ojoUITests.xctest */;
			productType = "com.apple.product-type.bundle.ui-testing";
		};
/* End PBXNativeTarget section */

/* Begin PBXProject section */
		6B7112F71E105AD400C3F33C /* Project object */ = {
			isa = PBXProject;
			attributes = {
				LastSwiftUpdateCheck = 0820;
				LastUpgradeCheck = 0820;
				ORGANIZATIONNAME = TTRN;
				TargetAttributes = {
					6B7112FE1E105AD400C3F33C = {
						CreatedOnToolsVersion = 8.2.1;
						DevelopmentTeam = 976H852GCK;
						ProvisioningStyle = Automatic;
						SystemCapabilities = {
							com.apple.BackgroundModes = {
								enabled = 1;
							};
							com.apple.Push = {
								enabled = 1;
							};
						};
					};
					6B7113121E105AD400C3F33C = {
						CreatedOnToolsVersion = 8.2.1;
						DevelopmentTeam = 976H852GCK;
						ProvisioningStyle = Automatic;
						TestTargetID = 6B7112FE1E105AD400C3F33C;
					};
					6B71131D1E105AD400C3F33C = {
						CreatedOnToolsVersion = 8.2.1;
						DevelopmentTeam = 976H852GCK;
						ProvisioningStyle = Automatic;
						TestTargetID = 6B7112FE1E105AD400C3F33C;
					};
				};
			};
			buildConfigurationList = 6B7112FA1E105AD400C3F33C /* Build configuration list for PBXProject "ojo" */;
			compatibilityVersion = "Xcode 3.2";
			developmentRegion = English;
			hasScannedForEncodings = 0;
			knownRegions = (
				en,
				Base,
			);
			mainGroup = 6B7112F61E105AD400C3F33C;
			productRefGroup = 6B7113001E105AD400C3F33C /* Products */;
			projectDirPath = "";
			projectRoot = "";
			targets = (
				6B7112FE1E105AD400C3F33C /* ojo */,
				6B7113121E105AD400C3F33C /* ojoTests */,
				6B71131D1E105AD400C3F33C /* ojoUITests */,
			);
		};
/* End PBXProject section */

/* Begin PBXResourcesBuildPhase section */
		6B7112FD1E105AD400C3F33C /* Resources */ = {
			isa = PBXResourcesBuildPhase;
			buildActionMask = 2147483647;
			files = (
				6B71130A1E105AD400C3F33C /* Assets.xcassets in Resources */,
				6BA6B34F1E15CC960033130E /* LaunchScreen.storyboard in Resources */,
				6B8ED9631E1B8A5500C49C45 /* GoogleService-Info.plist in Resources */,
			);
			runOnlyForDeploymentPostprocessing = 0;
		};
		6B7113111E105AD400C3F33C /* Resources */ = {
			isa = PBXResourcesBuildPhase;
			buildActionMask = 2147483647;
			files = (
				6B8ED9641E1B8A5500C49C45 /* GoogleService-Info.plist in Resources */,
			);
			runOnlyForDeploymentPostprocessing = 0;
		};
		6B71131C1E105AD400C3F33C /* Resources */ = {
			isa = PBXResourcesBuildPhase;
			buildActionMask = 2147483647;
			files = (
				6B8ED9651E1B8A5500C49C45 /* GoogleService-Info.plist in Resources */,
			);
			runOnlyForDeploymentPostprocessing = 0;
		};
/* End PBXResourcesBuildPhase section */

/* Begin PBXShellScriptBuildPhase section */
		44357744239BE48C8D212CF6 /* [CP] Embed Pods Frameworks */ = {
			isa = PBXShellScriptBuildPhase;
			buildActionMask = 2147483647;
			files = (
			);
			inputPaths = (
			);
			name = "[CP] Embed Pods Frameworks";
			outputPaths = (
			);
			runOnlyForDeploymentPostprocessing = 0;
			shellPath = /bin/sh;
			shellScript = "\"${SRCROOT}/Pods/Target Support Files/Pods-ojoUITests/Pods-ojoUITests-frameworks.sh\"\n";
			showEnvVarsInLog = 0;
		};
		4A8ABEA08CE8E46A76099C9C /* [CP] Check Pods Manifest.lock */ = {
			isa = PBXShellScriptBuildPhase;
			buildActionMask = 2147483647;
			files = (
			);
			inputPaths = (
			);
			name = "[CP] Check Pods Manifest.lock";
			outputPaths = (
			);
			runOnlyForDeploymentPostprocessing = 0;
			shellPath = /bin/sh;
			shellScript = "diff \"${PODS_ROOT}/../Podfile.lock\" \"${PODS_ROOT}/Manifest.lock\" > /dev/null\nif [ $? != 0 ] ; then\n    # print error to STDERR\n    echo \"error: The sandbox is not in sync with the Podfile.lock. Run 'pod install' or update your CocoaPods installation.\" >&2\n    exit 1\nfi\n";
			showEnvVarsInLog = 0;
		};
		657B82D02C593E129C042D3F /* [CP] Copy Pods Resources */ = {
			isa = PBXShellScriptBuildPhase;
			buildActionMask = 2147483647;
			files = (
			);
			inputPaths = (
			);
			name = "[CP] Copy Pods Resources";
			outputPaths = (
			);
			runOnlyForDeploymentPostprocessing = 0;
			shellPath = /bin/sh;
			shellScript = "\"${SRCROOT}/Pods/Target Support Files/Pods-ojoUITests/Pods-ojoUITests-resources.sh\"\n";
			showEnvVarsInLog = 0;
		};
		70D9CE161E11B23D002D41B8 /* ShellScript */ = {
			isa = PBXShellScriptBuildPhase;
			buildActionMask = 2147483647;
			files = (
			);
			inputPaths = (
				"$(SRCROOT)/Carthage/Build/iOS/LNPopupController.framework",
				"$(SRCROOT)/Carthage/Build/iOS/HidingNavigationBar.framework",
				"$(SRCROOT)/Carthage/Build/iOS/Alamofire.framework",
				"$(SRCROOT)/Carthage/Build/iOS/Argo.framework",
				"$(SRCROOT)/Carthage/Build/iOS/Runes.framework",
				"$(SRCROOT)/Carthage/Build/iOS/Curry.framework",
				"$(SRCROOT)/Carthage/Build/iOS/SwiftHEXColors.framework",
				"$(SRCROOT)/Carthage/Build/iOS/AlamofireImage.framework",
				"$(SRCROOT)/Carthage/Build/iOS/PromiseKit.framework",
				"$(SRCROOT)/Carthage/Build/iOS/MarqueeLabel.framework",
				"$(SRCROOT)/Carthage/Build/iOS/Mixpanel.framework",
				"$(SRCROOT)/Carthage/Build/iOS/SwiftyJSON.framework",
			);
			outputPaths = (
			);
			runOnlyForDeploymentPostprocessing = 0;
			shellPath = /bin/sh;
			shellScript = "/usr/local/bin/carthage copy-frameworks";
		};
		B0D2E45810D9125841316417 /* [CP] Check Pods Manifest.lock */ = {
			isa = PBXShellScriptBuildPhase;
			buildActionMask = 2147483647;
			files = (
			);
			inputPaths = (
			);
			name = "[CP] Check Pods Manifest.lock";
			outputPaths = (
			);
			runOnlyForDeploymentPostprocessing = 0;
			shellPath = /bin/sh;
			shellScript = "diff \"${PODS_ROOT}/../Podfile.lock\" \"${PODS_ROOT}/Manifest.lock\" > /dev/null\nif [ $? != 0 ] ; then\n    # print error to STDERR\n    echo \"error: The sandbox is not in sync with the Podfile.lock. Run 'pod install' or update your CocoaPods installation.\" >&2\n    exit 1\nfi\n";
			showEnvVarsInLog = 0;
		};
		C4E2540E9A97EB93837BD673 /* [CP] Check Pods Manifest.lock */ = {
			isa = PBXShellScriptBuildPhase;
			buildActionMask = 2147483647;
			files = (
			);
			inputPaths = (
			);
			name = "[CP] Check Pods Manifest.lock";
			outputPaths = (
			);
			runOnlyForDeploymentPostprocessing = 0;
			shellPath = /bin/sh;
			shellScript = "diff \"${PODS_ROOT}/../Podfile.lock\" \"${PODS_ROOT}/Manifest.lock\" > /dev/null\nif [ $? != 0 ] ; then\n    # print error to STDERR\n    echo \"error: The sandbox is not in sync with the Podfile.lock. Run 'pod install' or update your CocoaPods installation.\" >&2\n    exit 1\nfi\n";
			showEnvVarsInLog = 0;
		};
		CF378C78B2640E28D27E3B23 /* [CP] Embed Pods Frameworks */ = {
			isa = PBXShellScriptBuildPhase;
			buildActionMask = 2147483647;
			files = (
			);
			inputPaths = (
			);
			name = "[CP] Embed Pods Frameworks";
			outputPaths = (
			);
			runOnlyForDeploymentPostprocessing = 0;
			shellPath = /bin/sh;
			shellScript = "\"${SRCROOT}/Pods/Target Support Files/Pods-ojoTests/Pods-ojoTests-frameworks.sh\"\n";
			showEnvVarsInLog = 0;
		};
		DC4EEE69DF4A7CFD8F6037E3 /* [CP] Embed Pods Frameworks */ = {
			isa = PBXShellScriptBuildPhase;
			buildActionMask = 2147483647;
			files = (
			);
			inputPaths = (
			);
			name = "[CP] Embed Pods Frameworks";
			outputPaths = (
			);
			runOnlyForDeploymentPostprocessing = 0;
			shellPath = /bin/sh;
			shellScript = "\"${SRCROOT}/Pods/Target Support Files/Pods-ojo/Pods-ojo-frameworks.sh\"\n";
			showEnvVarsInLog = 0;
		};
		F993B3A03207759CB4F80E4D /* [CP] Copy Pods Resources */ = {
			isa = PBXShellScriptBuildPhase;
			buildActionMask = 2147483647;
			files = (
			);
			inputPaths = (
			);
			name = "[CP] Copy Pods Resources";
			outputPaths = (
			);
			runOnlyForDeploymentPostprocessing = 0;
			shellPath = /bin/sh;
			shellScript = "\"${SRCROOT}/Pods/Target Support Files/Pods-ojoTests/Pods-ojoTests-resources.sh\"\n";
			showEnvVarsInLog = 0;
		};
		FFF421AE44FFBA94A93A5D2D /* [CP] Copy Pods Resources */ = {
			isa = PBXShellScriptBuildPhase;
			buildActionMask = 2147483647;
			files = (
			);
			inputPaths = (
			);
			name = "[CP] Copy Pods Resources";
			outputPaths = (
			);
			runOnlyForDeploymentPostprocessing = 0;
			shellPath = /bin/sh;
			shellScript = "\"${SRCROOT}/Pods/Target Support Files/Pods-ojo/Pods-ojo-resources.sh\"\n";
			showEnvVarsInLog = 0;
		};
/* End PBXShellScriptBuildPhase section */

/* Begin PBXSourcesBuildPhase section */
		6B7112FB1E105AD400C3F33C /* Sources */ = {
			isa = PBXSourcesBuildPhase;
			buildActionMask = 2147483647;
			files = (
				70D9CE1F1E11D22E002D41B8 /* MusicPlaybackButton.swift in Sources */,
				6BF622181E1195FF00A207AC /* NewsItems.swift in Sources */,
				6B801E3D1E1B6343002C96F7 /* InfoCenterDelegate.swift in Sources */,
				6BBD1A761E1C234400A74B6E /* PlaybackTracker.swift in Sources */,
				6B494EC11E1765F300A7E7F3 /* RemoteControlDelegate.swift in Sources */,
				6BA47E2F1E12EDFD002CF09A /* DefaultTopItemLabel.swift in Sources */,
				707374C41E11DA950013EDDF /* AppDelegate.swift in Sources */,
				6B801E391E1B156E002C96F7 /* UIImage+Color.swift in Sources */,
				6BF6221A1E11AFDE00A207AC /* PlaybackManager.swift in Sources */,
				6BCD64D31E1720A5002CA55E /* NowPlayingInfoService.swift in Sources */,
				6B173E381E14D42F00F937BA /* StationsViewControllerFactory.swift in Sources */,
				70F3DB181E11F98D00B03D12 /* Utils.swift in Sources */,
				6B494EBF1E175E6700A7E7F3 /* RemoteControlResponder.swift in Sources */,
				70F3DB1A1E11FFAE00B03D12 /* NewsItemViewController.swift in Sources */,
				6BF6221E1E11E8BF00A207AC /* DiscoverEventsViewController.swift in Sources */,
				70D9CE1B1E11D011002D41B8 /* NowPlayingViewController.swift in Sources */,
				6B173E361E14D40200F937BA /* Stations3ViewController.swift in Sources */,
				707374C61E11DB6E0013EDDF /* Stations.swift in Sources */,
				70F3DB131E11F3C800B03D12 /* RadioStationCollectionViewCell.swift in Sources */,
				70F3DAEA1E11E72A00B03D12 /* StationsNViewController.swift in Sources */,
				6BBD1A731E1C231800A74B6E /* Analytics.swift in Sources */,
				6BA6B35C1E1626CE0033130E /* NowPlayingInfo.swift in Sources */,
				6B801E331E1AE47B002C96F7 /* PlaybackState.swift in Sources */,
				6BE8907C1E1A14A6000BB347 /* UITabBarRootViewController.swift in Sources */,
				6B801E2F1E1A2A49002C96F7 /* StationView.swift in Sources */,
				6BB8C2451E18620300F4AEE2 /* Future.swift in Sources */,
				6B801E311E1AE470002C96F7 /* PlaybackDelegate.swift in Sources */,
				6B801E451E1B7A16002C96F7 /* Promise+UIImage.swift in Sources */,
				6BA6B3541E15E2370033130E /* OJORoundedImageView.swift in Sources */,
				6BA6B35A1E16227E0033130E /* Miniplayer.swift in Sources */,
				6BA6B35E1E17174D0033130E /* UIColor+hex.swift in Sources */,
				70F3DB0F1E11E90A00B03D12 /* NewsFeedViewController.swift in Sources */,
			);
			runOnlyForDeploymentPostprocessing = 0;
		};
		6B71130F1E105AD400C3F33C /* Sources */ = {
			isa = PBXSourcesBuildPhase;
			buildActionMask = 2147483647;
			files = (
				6B7113181E105AD400C3F33C /* ojoTests.swift in Sources */,
			);
			runOnlyForDeploymentPostprocessing = 0;
		};
		6B71131A1E105AD400C3F33C /* Sources */ = {
			isa = PBXSourcesBuildPhase;
			buildActionMask = 2147483647;
			files = (
				6B7113231E105AD400C3F33C /* ojoUITests.swift in Sources */,
			);
			runOnlyForDeploymentPostprocessing = 0;
		};
/* End PBXSourcesBuildPhase section */

/* Begin PBXTargetDependency section */
		6B7113151E105AD400C3F33C /* PBXTargetDependency */ = {
			isa = PBXTargetDependency;
			target = 6B7112FE1E105AD400C3F33C /* ojo */;
			targetProxy = 6B7113141E105AD400C3F33C /* PBXContainerItemProxy */;
		};
		6B7113201E105AD400C3F33C /* PBXTargetDependency */ = {
			isa = PBXTargetDependency;
			target = 6B7112FE1E105AD400C3F33C /* ojo */;
			targetProxy = 6B71131F1E105AD400C3F33C /* PBXContainerItemProxy */;
		};
/* End PBXTargetDependency section */

/* Begin PBXVariantGroup section */
		6BA6B34D1E15CC960033130E /* LaunchScreen.storyboard */ = {
			isa = PBXVariantGroup;
			children = (
				6BA6B34E1E15CC960033130E /* Base */,
			);
			name = LaunchScreen.storyboard;
			sourceTree = "<group>";
		};
/* End PBXVariantGroup section */

/* Begin XCBuildConfiguration section */
		6B7113251E105AD400C3F33C /* Debug */ = {
			isa = XCBuildConfiguration;
			buildSettings = {
				ALWAYS_SEARCH_USER_PATHS = NO;
				CLANG_ANALYZER_NONNULL = YES;
				CLANG_CXX_LANGUAGE_STANDARD = "gnu++0x";
				CLANG_CXX_LIBRARY = "libc++";
				CLANG_ENABLE_MODULES = YES;
				CLANG_ENABLE_OBJC_ARC = YES;
				CLANG_WARN_BOOL_CONVERSION = YES;
				CLANG_WARN_CONSTANT_CONVERSION = YES;
				CLANG_WARN_DIRECT_OBJC_ISA_USAGE = YES_ERROR;
				CLANG_WARN_DOCUMENTATION_COMMENTS = YES;
				CLANG_WARN_EMPTY_BODY = YES;
				CLANG_WARN_ENUM_CONVERSION = YES;
				CLANG_WARN_INFINITE_RECURSION = YES;
				CLANG_WARN_INT_CONVERSION = YES;
				CLANG_WARN_OBJC_ROOT_CLASS = YES_ERROR;
				CLANG_WARN_SUSPICIOUS_MOVE = YES;
				CLANG_WARN_UNREACHABLE_CODE = YES;
				CLANG_WARN__DUPLICATE_METHOD_MATCH = YES;
				"CODE_SIGN_IDENTITY[sdk=iphoneos*]" = "iPhone Developer";
				COPY_PHASE_STRIP = NO;
				DEBUG_INFORMATION_FORMAT = dwarf;
				ENABLE_STRICT_OBJC_MSGSEND = YES;
				ENABLE_TESTABILITY = YES;
				GCC_C_LANGUAGE_STANDARD = gnu99;
				GCC_DYNAMIC_NO_PIC = NO;
				GCC_NO_COMMON_BLOCKS = YES;
				GCC_OPTIMIZATION_LEVEL = 0;
				GCC_PREPROCESSOR_DEFINITIONS = (
					"DEBUG=1",
					"$(inherited)",
				);
				GCC_WARN_64_TO_32_BIT_CONVERSION = YES;
				GCC_WARN_ABOUT_RETURN_TYPE = YES_ERROR;
				GCC_WARN_UNDECLARED_SELECTOR = YES;
				GCC_WARN_UNINITIALIZED_AUTOS = YES_AGGRESSIVE;
				GCC_WARN_UNUSED_FUNCTION = YES;
				GCC_WARN_UNUSED_VARIABLE = YES;
				IPHONEOS_DEPLOYMENT_TARGET = 10.2;
				MTL_ENABLE_DEBUG_INFO = YES;
				ONLY_ACTIVE_ARCH = YES;
				SDKROOT = iphoneos;
				SWIFT_ACTIVE_COMPILATION_CONDITIONS = DEBUG;
				SWIFT_OPTIMIZATION_LEVEL = "-Onone";
			};
			name = Debug;
		};
		6B7113261E105AD400C3F33C /* Release */ = {
			isa = XCBuildConfiguration;
			buildSettings = {
				ALWAYS_SEARCH_USER_PATHS = NO;
				CLANG_ANALYZER_NONNULL = YES;
				CLANG_CXX_LANGUAGE_STANDARD = "gnu++0x";
				CLANG_CXX_LIBRARY = "libc++";
				CLANG_ENABLE_MODULES = YES;
				CLANG_ENABLE_OBJC_ARC = YES;
				CLANG_WARN_BOOL_CONVERSION = YES;
				CLANG_WARN_CONSTANT_CONVERSION = YES;
				CLANG_WARN_DIRECT_OBJC_ISA_USAGE = YES_ERROR;
				CLANG_WARN_DOCUMENTATION_COMMENTS = YES;
				CLANG_WARN_EMPTY_BODY = YES;
				CLANG_WARN_ENUM_CONVERSION = YES;
				CLANG_WARN_INFINITE_RECURSION = YES;
				CLANG_WARN_INT_CONVERSION = YES;
				CLANG_WARN_OBJC_ROOT_CLASS = YES_ERROR;
				CLANG_WARN_SUSPICIOUS_MOVE = YES;
				CLANG_WARN_UNREACHABLE_CODE = YES;
				CLANG_WARN__DUPLICATE_METHOD_MATCH = YES;
				"CODE_SIGN_IDENTITY[sdk=iphoneos*]" = "iPhone Developer";
				COPY_PHASE_STRIP = NO;
				DEBUG_INFORMATION_FORMAT = "dwarf-with-dsym";
				ENABLE_NS_ASSERTIONS = NO;
				ENABLE_STRICT_OBJC_MSGSEND = YES;
				GCC_C_LANGUAGE_STANDARD = gnu99;
				GCC_NO_COMMON_BLOCKS = YES;
				GCC_WARN_64_TO_32_BIT_CONVERSION = YES;
				GCC_WARN_ABOUT_RETURN_TYPE = YES_ERROR;
				GCC_WARN_UNDECLARED_SELECTOR = YES;
				GCC_WARN_UNINITIALIZED_AUTOS = YES_AGGRESSIVE;
				GCC_WARN_UNUSED_FUNCTION = YES;
				GCC_WARN_UNUSED_VARIABLE = YES;
				IPHONEOS_DEPLOYMENT_TARGET = 10.2;
				MTL_ENABLE_DEBUG_INFO = NO;
				SDKROOT = iphoneos;
				SWIFT_OPTIMIZATION_LEVEL = "-Owholemodule";
				VALIDATE_PRODUCT = YES;
			};
			name = Release;
		};
		6B7113281E105AD400C3F33C /* Debug */ = {
			isa = XCBuildConfiguration;
			baseConfigurationReference = 11AC7DD7EE3884742AD24562 /* Pods-ojo.debug.xcconfig */;
			buildSettings = {
				ASSETCATALOG_COMPILER_APPICON_NAME = AppIcon;
				CODE_SIGN_ENTITLEMENTS = ojo/ojo.entitlements;
				CURRENT_PROJECT_VERSION = 15;
				DEVELOPMENT_TEAM = 976H852GCK;
				FRAMEWORK_SEARCH_PATHS = (
					"$(inherited)",
					"$(PROJECT_DIR)/Carthage/Build/iOS",
				);
				INFOPLIST_FILE = ojo/Info.plist;
				IPHONEOS_DEPLOYMENT_TARGET = 9.3;
				LD_RUNPATH_SEARCH_PATHS = "$(inherited) @executable_path/Frameworks";
				PRODUCT_BUNDLE_IDENTIFIER = btc.ora2;
				PRODUCT_NAME = "$(TARGET_NAME)";
				SWIFT_VERSION = 3.0;
				VERSIONING_SYSTEM = "apple-generic";
			};
			name = Debug;
		};
		6B7113291E105AD400C3F33C /* Release */ = {
			isa = XCBuildConfiguration;
			baseConfigurationReference = E105031A56240E75157B18BA /* Pods-ojo.release.xcconfig */;
			buildSettings = {
				ASSETCATALOG_COMPILER_APPICON_NAME = AppIcon;
				CODE_SIGN_ENTITLEMENTS = ojo/ojo.entitlements;
				CURRENT_PROJECT_VERSION = 15;
				DEVELOPMENT_TEAM = 976H852GCK;
				FRAMEWORK_SEARCH_PATHS = (
					"$(inherited)",
					"$(PROJECT_DIR)/Carthage/Build/iOS",
				);
				INFOPLIST_FILE = ojo/Info.plist;
				IPHONEOS_DEPLOYMENT_TARGET = 9.3;
				LD_RUNPATH_SEARCH_PATHS = "$(inherited) @executable_path/Frameworks";
				PRODUCT_BUNDLE_IDENTIFIER = btc.ora2;
				PRODUCT_NAME = "$(TARGET_NAME)";
				SWIFT_VERSION = 3.0;
				VERSIONING_SYSTEM = "apple-generic";
			};
			name = Release;
		};
		6B71132B1E105AD400C3F33C /* Debug */ = {
			isa = XCBuildConfiguration;
			baseConfigurationReference = 67DBF4F1610D087365F1F5A1 /* Pods-ojoTests.debug.xcconfig */;
			buildSettings = {
				ALWAYS_EMBED_SWIFT_STANDARD_LIBRARIES = YES;
				BUNDLE_LOADER = "$(TEST_HOST)";
				DEVELOPMENT_TEAM = 976H852GCK;
				INFOPLIST_FILE = ojoTests/Info.plist;
				LD_RUNPATH_SEARCH_PATHS = "$(inherited) @executable_path/Frameworks @loader_path/Frameworks";
				PRODUCT_BUNDLE_IDENTIFIER = org.ttrn.ojoTests;
				PRODUCT_NAME = "$(TARGET_NAME)";
				SWIFT_VERSION = 3.0;
				TEST_HOST = "$(BUILT_PRODUCTS_DIR)/ojo.app/ojo";
			};
			name = Debug;
		};
		6B71132C1E105AD400C3F33C /* Release */ = {
			isa = XCBuildConfiguration;
			baseConfigurationReference = 6259BA627F71B1FCD5CC2C3C /* Pods-ojoTests.release.xcconfig */;
			buildSettings = {
				ALWAYS_EMBED_SWIFT_STANDARD_LIBRARIES = YES;
				BUNDLE_LOADER = "$(TEST_HOST)";
				DEVELOPMENT_TEAM = 976H852GCK;
				INFOPLIST_FILE = ojoTests/Info.plist;
				LD_RUNPATH_SEARCH_PATHS = "$(inherited) @executable_path/Frameworks @loader_path/Frameworks";
				PRODUCT_BUNDLE_IDENTIFIER = org.ttrn.ojoTests;
				PRODUCT_NAME = "$(TARGET_NAME)";
				SWIFT_VERSION = 3.0;
				TEST_HOST = "$(BUILT_PRODUCTS_DIR)/ojo.app/ojo";
			};
			name = Release;
		};
		6B71132E1E105AD400C3F33C /* Debug */ = {
			isa = XCBuildConfiguration;
			baseConfigurationReference = 85E0C54ED5B75A5862CEC7D9 /* Pods-ojoUITests.debug.xcconfig */;
			buildSettings = {
				ALWAYS_EMBED_SWIFT_STANDARD_LIBRARIES = YES;
				DEVELOPMENT_TEAM = 976H852GCK;
				INFOPLIST_FILE = ojoUITests/Info.plist;
				LD_RUNPATH_SEARCH_PATHS = "$(inherited) @executable_path/Frameworks @loader_path/Frameworks";
				PRODUCT_BUNDLE_IDENTIFIER = org.ttrn.ojoUITests;
				PRODUCT_NAME = "$(TARGET_NAME)";
				SWIFT_VERSION = 3.0;
				TEST_TARGET_NAME = ojo;
			};
			name = Debug;
		};
		6B71132F1E105AD400C3F33C /* Release */ = {
			isa = XCBuildConfiguration;
			baseConfigurationReference = DEAC17425A99129A742ABF53 /* Pods-ojoUITests.release.xcconfig */;
			buildSettings = {
				ALWAYS_EMBED_SWIFT_STANDARD_LIBRARIES = YES;
				DEVELOPMENT_TEAM = 976H852GCK;
				INFOPLIST_FILE = ojoUITests/Info.plist;
				LD_RUNPATH_SEARCH_PATHS = "$(inherited) @executable_path/Frameworks @loader_path/Frameworks";
				PRODUCT_BUNDLE_IDENTIFIER = org.ttrn.ojoUITests;
				PRODUCT_NAME = "$(TARGET_NAME)";
				SWIFT_VERSION = 3.0;
				TEST_TARGET_NAME = ojo;
			};
			name = Release;
		};
/* End XCBuildConfiguration section */

/* Begin XCConfigurationList section */
		6B7112FA1E105AD400C3F33C /* Build configuration list for PBXProject "ojo" */ = {
			isa = XCConfigurationList;
			buildConfigurations = (
				6B7113251E105AD400C3F33C /* Debug */,
				6B7113261E105AD400C3F33C /* Release */,
			);
			defaultConfigurationIsVisible = 0;
			defaultConfigurationName = Release;
		};
		6B7113271E105AD400C3F33C /* Build configuration list for PBXNativeTarget "ojo" */ = {
			isa = XCConfigurationList;
			buildConfigurations = (
				6B7113281E105AD400C3F33C /* Debug */,
				6B7113291E105AD400C3F33C /* Release */,
			);
			defaultConfigurationIsVisible = 0;
			defaultConfigurationName = Release;
		};
		6B71132A1E105AD400C3F33C /* Build configuration list for PBXNativeTarget "ojoTests" */ = {
			isa = XCConfigurationList;
			buildConfigurations = (
				6B71132B1E105AD400C3F33C /* Debug */,
				6B71132C1E105AD400C3F33C /* Release */,
			);
			defaultConfigurationIsVisible = 0;
			defaultConfigurationName = Release;
		};
		6B71132D1E105AD400C3F33C /* Build configuration list for PBXNativeTarget "ojoUITests" */ = {
			isa = XCConfigurationList;
			buildConfigurations = (
				6B71132E1E105AD400C3F33C /* Debug */,
				6B71132F1E105AD400C3F33C /* Release */,
			);
			defaultConfigurationIsVisible = 0;
			defaultConfigurationName = Release;
		};
/* End XCConfigurationList section */
	};
	rootObject = 6B7112F71E105AD400C3F33C /* Project object */;
}
