// !$*UTF8*$!
{
	archiveVersion = 1;
	classes = {
	};
	objectVersion = 46;
	objects = {

/* Begin PBXBuildFile section */
		6B3076E51E0F9DD60027D017 /* AppDelegate.swift in Sources */ = {isa = PBXBuildFile; fileRef = 6B3076E41E0F9DD60027D017 /* AppDelegate.swift */; };
		6B3076E71E0F9DD60027D017 /* ViewController.swift in Sources */ = {isa = PBXBuildFile; fileRef = 6B3076E61E0F9DD60027D017 /* ViewController.swift */; };
		6B3076EA1E0F9DD60027D017 /* Main.storyboard in Resources */ = {isa = PBXBuildFile; fileRef = 6B3076E81E0F9DD60027D017 /* Main.storyboard */; };
		6B3076EC1E0F9DD60027D017 /* Assets.xcassets in Resources */ = {isa = PBXBuildFile; fileRef = 6B3076EB1E0F9DD60027D017 /* Assets.xcassets */; };
		6B3076EF1E0F9DD60027D017 /* LaunchScreen.storyboard in Resources */ = {isa = PBXBuildFile; fileRef = 6B3076ED1E0F9DD60027D017 /* LaunchScreen.storyboard */; };
		6B3076FA1E0F9DD70027D017 /* ora2Tests.swift in Sources */ = {isa = PBXBuildFile; fileRef = 6B3076F91E0F9DD70027D017 /* ora2Tests.swift */; };
		6B3077051E0F9DD70027D017 /* ora2UITests.swift in Sources */ = {isa = PBXBuildFile; fileRef = 6B3077041E0F9DD70027D017 /* ora2UITests.swift */; };
/* End PBXBuildFile section */

/* Begin PBXContainerItemProxy section */
		6B3076F61E0F9DD60027D017 /* PBXContainerItemProxy */ = {
			isa = PBXContainerItemProxy;
			containerPortal = 6B3076D91E0F9DD60027D017 /* Project object */;
			proxyType = 1;
			remoteGlobalIDString = 6B3076E01E0F9DD60027D017;
			remoteInfo = ora2;
		};
		6B3077011E0F9DD70027D017 /* PBXContainerItemProxy */ = {
			isa = PBXContainerItemProxy;
			containerPortal = 6B3076D91E0F9DD60027D017 /* Project object */;
			proxyType = 1;
			remoteGlobalIDString = 6B3076E01E0F9DD60027D017;
			remoteInfo = ora2;
		};
/* End PBXContainerItemProxy section */

/* Begin PBXFileReference section */
		6B3076E11E0F9DD60027D017 /* ora2.app */ = {isa = PBXFileReference; explicitFileType = wrapper.application; includeInIndex = 0; path = ora2.app; sourceTree = BUILT_PRODUCTS_DIR; };
		6B3076E41E0F9DD60027D017 /* AppDelegate.swift */ = {isa = PBXFileReference; lastKnownFileType = sourcecode.swift; path = AppDelegate.swift; sourceTree = "<group>"; };
		6B3076E61E0F9DD60027D017 /* ViewController.swift */ = {isa = PBXFileReference; lastKnownFileType = sourcecode.swift; path = ViewController.swift; sourceTree = "<group>"; };
		6B3076E91E0F9DD60027D017 /* Base */ = {isa = PBXFileReference; lastKnownFileType = file.storyboard; name = Base; path = Base.lproj/Main.storyboard; sourceTree = "<group>"; };
		6B3076EB1E0F9DD60027D017 /* Assets.xcassets */ = {isa = PBXFileReference; lastKnownFileType = folder.assetcatalog; path = Assets.xcassets; sourceTree = "<group>"; };
		6B3076EE1E0F9DD60027D017 /* Base */ = {isa = PBXFileReference; lastKnownFileType = file.storyboard; name = Base; path = Base.lproj/LaunchScreen.storyboard; sourceTree = "<group>"; };
		6B3076F01E0F9DD60027D017 /* Info.plist */ = {isa = PBXFileReference; lastKnownFileType = text.plist.xml; path = Info.plist; sourceTree = "<group>"; };
		6B3076F51E0F9DD60027D017 /* ora2Tests.xctest */ = {isa = PBXFileReference; explicitFileType = wrapper.cfbundle; includeInIndex = 0; path = ora2Tests.xctest; sourceTree = BUILT_PRODUCTS_DIR; };
		6B3076F91E0F9DD70027D017 /* ora2Tests.swift */ = {isa = PBXFileReference; lastKnownFileType = sourcecode.swift; path = ora2Tests.swift; sourceTree = "<group>"; };
		6B3076FB1E0F9DD70027D017 /* Info.plist */ = {isa = PBXFileReference; lastKnownFileType = text.plist.xml; path = Info.plist; sourceTree = "<group>"; };
		6B3077001E0F9DD70027D017 /* ora2UITests.xctest */ = {isa = PBXFileReference; explicitFileType = wrapper.cfbundle; includeInIndex = 0; path = ora2UITests.xctest; sourceTree = BUILT_PRODUCTS_DIR; };
		6B3077041E0F9DD70027D017 /* ora2UITests.swift */ = {isa = PBXFileReference; lastKnownFileType = sourcecode.swift; path = ora2UITests.swift; sourceTree = "<group>"; };
		6B3077061E0F9DD70027D017 /* Info.plist */ = {isa = PBXFileReference; lastKnownFileType = text.plist.xml; path = Info.plist; sourceTree = "<group>"; };
/* End PBXFileReference section */

/* Begin PBXFrameworksBuildPhase section */
		6B3076DE1E0F9DD60027D017 /* Frameworks */ = {
			isa = PBXFrameworksBuildPhase;
			buildActionMask = 2147483647;
			files = (
			);
			runOnlyForDeploymentPostprocessing = 0;
		};
		6B3076F21E0F9DD60027D017 /* Frameworks */ = {
			isa = PBXFrameworksBuildPhase;
			buildActionMask = 2147483647;
			files = (
			);
			runOnlyForDeploymentPostprocessing = 0;
		};
		6B3076FD1E0F9DD70027D017 /* Frameworks */ = {
			isa = PBXFrameworksBuildPhase;
			buildActionMask = 2147483647;
			files = (
			);
			runOnlyForDeploymentPostprocessing = 0;
		};
/* End PBXFrameworksBuildPhase section */

/* Begin PBXGroup section */
		6B3076D81E0F9DD60027D017 = {
			isa = PBXGroup;
			children = (
				6B3076E31E0F9DD60027D017 /* ora2 */,
				6B3076F81E0F9DD60027D017 /* ora2Tests */,
				6B3077031E0F9DD70027D017 /* ora2UITests */,
				6B3076E21E0F9DD60027D017 /* Products */,
			);
			sourceTree = "<group>";
		};
		6B3076E21E0F9DD60027D017 /* Products */ = {
			isa = PBXGroup;
			children = (
				6B3076E11E0F9DD60027D017 /* ora2.app */,
				6B3076F51E0F9DD60027D017 /* ora2Tests.xctest */,
				6B3077001E0F9DD70027D017 /* ora2UITests.xctest */,
			);
			name = Products;
			sourceTree = "<group>";
		};
		6B3076E31E0F9DD60027D017 /* ora2 */ = {
			isa = PBXGroup;
			children = (
				6B3076E41E0F9DD60027D017 /* AppDelegate.swift */,
				6B3076E61E0F9DD60027D017 /* ViewController.swift */,
				6B3076E81E0F9DD60027D017 /* Main.storyboard */,
				6B3076EB1E0F9DD60027D017 /* Assets.xcassets */,
				6B3076ED1E0F9DD60027D017 /* LaunchScreen.storyboard */,
				6B3076F01E0F9DD60027D017 /* Info.plist */,
			);
			path = ora2;
			sourceTree = "<group>";
		};
		6B3076F81E0F9DD60027D017 /* ora2Tests */ = {
			isa = PBXGroup;
			children = (
				6B3076F91E0F9DD70027D017 /* ora2Tests.swift */,
				6B3076FB1E0F9DD70027D017 /* Info.plist */,
			);
			path = ora2Tests;
			sourceTree = "<group>";
		};
		6B3077031E0F9DD70027D017 /* ora2UITests */ = {
			isa = PBXGroup;
			children = (
				6B3077041E0F9DD70027D017 /* ora2UITests.swift */,
				6B3077061E0F9DD70027D017 /* Info.plist */,
			);
			path = ora2UITests;
			sourceTree = "<group>";
		};
/* End PBXGroup section */

/* Begin PBXNativeTarget section */
		6B3076E01E0F9DD60027D017 /* ora2 */ = {
			isa = PBXNativeTarget;
			buildConfigurationList = 6B3077091E0F9DD70027D017 /* Build configuration list for PBXNativeTarget "ora2" */;
			buildPhases = (
				6B3076DD1E0F9DD60027D017 /* Sources */,
				6B3076DE1E0F9DD60027D017 /* Frameworks */,
				6B3076DF1E0F9DD60027D017 /* Resources */,
			);
			buildRules = (
			);
			dependencies = (
			);
			name = ora2;
			productName = ora2;
			productReference = 6B3076E11E0F9DD60027D017 /* ora2.app */;
			productType = "com.apple.product-type.application";
		};
		6B3076F41E0F9DD60027D017 /* ora2Tests */ = {
			isa = PBXNativeTarget;
			buildConfigurationList = 6B30770C1E0F9DD70027D017 /* Build configuration list for PBXNativeTarget "ora2Tests" */;
			buildPhases = (
				6B3076F11E0F9DD60027D017 /* Sources */,
				6B3076F21E0F9DD60027D017 /* Frameworks */,
				6B3076F31E0F9DD60027D017 /* Resources */,
			);
			buildRules = (
			);
			dependencies = (
				6B3076F71E0F9DD60027D017 /* PBXTargetDependency */,
			);
			name = ora2Tests;
			productName = ora2Tests;
			productReference = 6B3076F51E0F9DD60027D017 /* ora2Tests.xctest */;
			productType = "com.apple.product-type.bundle.unit-test";
		};
		6B3076FF1E0F9DD70027D017 /* ora2UITests */ = {
			isa = PBXNativeTarget;
			buildConfigurationList = 6B30770F1E0F9DD70027D017 /* Build configuration list for PBXNativeTarget "ora2UITests" */;
			buildPhases = (
				6B3076FC1E0F9DD70027D017 /* Sources */,
				6B3076FD1E0F9DD70027D017 /* Frameworks */,
				6B3076FE1E0F9DD70027D017 /* Resources */,
			);
			buildRules = (
			);
			dependencies = (
				6B3077021E0F9DD70027D017 /* PBXTargetDependency */,
			);
			name = ora2UITests;
			productName = ora2UITests;
			productReference = 6B3077001E0F9DD70027D017 /* ora2UITests.xctest */;
			productType = "com.apple.product-type.bundle.ui-testing";
		};
/* End PBXNativeTarget section */

/* Begin PBXProject section */
		6B3076D91E0F9DD60027D017 /* Project object */ = {
			isa = PBXProject;
			attributes = {
				LastSwiftUpdateCheck = 0820;
				LastUpgradeCheck = 0820;
				ORGANIZATIONNAME = TTRN;
				TargetAttributes = {
					6B3076E01E0F9DD60027D017 = {
						CreatedOnToolsVersion = 8.2.1;
						DevelopmentTeam = 976H852GCK;
						ProvisioningStyle = Automatic;
					};
					6B3076F41E0F9DD60027D017 = {
						CreatedOnToolsVersion = 8.2.1;
						DevelopmentTeam = 976H852GCK;
						ProvisioningStyle = Automatic;
						TestTargetID = 6B3076E01E0F9DD60027D017;
					};
					6B3076FF1E0F9DD70027D017 = {
						CreatedOnToolsVersion = 8.2.1;
						DevelopmentTeam = 976H852GCK;
						ProvisioningStyle = Automatic;
						TestTargetID = 6B3076E01E0F9DD60027D017;
					};
				};
			};
			buildConfigurationList = 6B3076DC1E0F9DD60027D017 /* Build configuration list for PBXProject "ora2" */;
			compatibilityVersion = "Xcode 3.2";
			developmentRegion = English;
			hasScannedForEncodings = 0;
			knownRegions = (
				en,
				Base,
			);
			mainGroup = 6B3076D81E0F9DD60027D017;
			productRefGroup = 6B3076E21E0F9DD60027D017 /* Products */;
			projectDirPath = "";
			projectRoot = "";
			targets = (
				6B3076E01E0F9DD60027D017 /* ora2 */,
				6B3076F41E0F9DD60027D017 /* ora2Tests */,
				6B3076FF1E0F9DD70027D017 /* ora2UITests */,
			);
		};
/* End PBXProject section */

/* Begin PBXResourcesBuildPhase section */
		6B3076DF1E0F9DD60027D017 /* Resources */ = {
			isa = PBXResourcesBuildPhase;
			buildActionMask = 2147483647;
			files = (
				6B3076EF1E0F9DD60027D017 /* LaunchScreen.storyboard in Resources */,
				6B3076EC1E0F9DD60027D017 /* Assets.xcassets in Resources */,
				6B3076EA1E0F9DD60027D017 /* Main.storyboard in Resources */,
			);
			runOnlyForDeploymentPostprocessing = 0;
		};
		6B3076F31E0F9DD60027D017 /* Resources */ = {
			isa = PBXResourcesBuildPhase;
			buildActionMask = 2147483647;
			files = (
			);
			runOnlyForDeploymentPostprocessing = 0;
		};
		6B3076FE1E0F9DD70027D017 /* Resources */ = {
			isa = PBXResourcesBuildPhase;
			buildActionMask = 2147483647;
			files = (
			);
			runOnlyForDeploymentPostprocessing = 0;
		};
/* End PBXResourcesBuildPhase section */

/* Begin PBXSourcesBuildPhase section */
		6B3076DD1E0F9DD60027D017 /* Sources */ = {
			isa = PBXSourcesBuildPhase;
			buildActionMask = 2147483647;
			files = (
				6B3076E71E0F9DD60027D017 /* ViewController.swift in Sources */,
				6B3076E51E0F9DD60027D017 /* AppDelegate.swift in Sources */,
			);
			runOnlyForDeploymentPostprocessing = 0;
		};
		6B3076F11E0F9DD60027D017 /* Sources */ = {
			isa = PBXSourcesBuildPhase;
			buildActionMask = 2147483647;
			files = (
				6B3076FA1E0F9DD70027D017 /* ora2Tests.swift in Sources */,
			);
			runOnlyForDeploymentPostprocessing = 0;
		};
		6B3076FC1E0F9DD70027D017 /* Sources */ = {
			isa = PBXSourcesBuildPhase;
			buildActionMask = 2147483647;
			files = (
				6B3077051E0F9DD70027D017 /* ora2UITests.swift in Sources */,
			);
			runOnlyForDeploymentPostprocessing = 0;
		};
/* End PBXSourcesBuildPhase section */

/* Begin PBXTargetDependency section */
		6B3076F71E0F9DD60027D017 /* PBXTargetDependency */ = {
			isa = PBXTargetDependency;
			target = 6B3076E01E0F9DD60027D017 /* ora2 */;
			targetProxy = 6B3076F61E0F9DD60027D017 /* PBXContainerItemProxy */;
		};
		6B3077021E0F9DD70027D017 /* PBXTargetDependency */ = {
			isa = PBXTargetDependency;
			target = 6B3076E01E0F9DD60027D017 /* ora2 */;
			targetProxy = 6B3077011E0F9DD70027D017 /* PBXContainerItemProxy */;
		};
/* End PBXTargetDependency section */

/* Begin PBXVariantGroup section */
		6B3076E81E0F9DD60027D017 /* Main.storyboard */ = {
			isa = PBXVariantGroup;
			children = (
				6B3076E91E0F9DD60027D017 /* Base */,
			);
			name = Main.storyboard;
			sourceTree = "<group>";
		};
		6B3076ED1E0F9DD60027D017 /* LaunchScreen.storyboard */ = {
			isa = PBXVariantGroup;
			children = (
				6B3076EE1E0F9DD60027D017 /* Base */,
			);
			name = LaunchScreen.storyboard;
			sourceTree = "<group>";
		};
/* End PBXVariantGroup section */

/* Begin XCBuildConfiguration section */
		6B3077071E0F9DD70027D017 /* Debug */ = {
			isa = XCBuildConfiguration;
			buildSettings = {
				ALWAYS_SEARCH_USER_PATHS = NO;
				CLANG_ANALYZER_NONNULL = YES;
				CLANG_CXX_LANGUAGE_STANDARD = "gnu++0x";
				CLANG_CXX_LIBRARY = "libc++";
				CLANG_ENABLE_MODULES = YES;
				CLANG_ENABLE_OBJC_ARC = YES;
				CLANG_WARN_BOOL_CONVERSION = YES;
				CLANG_WARN_CONSTANT_CONVERSION = YES;
				CLANG_WARN_DIRECT_OBJC_ISA_USAGE = YES_ERROR;
				CLANG_WARN_DOCUMENTATION_COMMENTS = YES;
				CLANG_WARN_EMPTY_BODY = YES;
				CLANG_WARN_ENUM_CONVERSION = YES;
				CLANG_WARN_INFINITE_RECURSION = YES;
				CLANG_WARN_INT_CONVERSION = YES;
				CLANG_WARN_OBJC_ROOT_CLASS = YES_ERROR;
				CLANG_WARN_SUSPICIOUS_MOVE = YES;
				CLANG_WARN_UNREACHABLE_CODE = YES;
				CLANG_WARN__DUPLICATE_METHOD_MATCH = YES;
				"CODE_SIGN_IDENTITY[sdk=iphoneos*]" = "iPhone Developer";
				COPY_PHASE_STRIP = NO;
				DEBUG_INFORMATION_FORMAT = dwarf;
				ENABLE_STRICT_OBJC_MSGSEND = YES;
				ENABLE_TESTABILITY = YES;
				GCC_C_LANGUAGE_STANDARD = gnu99;
				GCC_DYNAMIC_NO_PIC = NO;
				GCC_NO_COMMON_BLOCKS = YES;
				GCC_OPTIMIZATION_LEVEL = 0;
				GCC_PREPROCESSOR_DEFINITIONS = (
					"DEBUG=1",
					"$(inherited)",
				);
				GCC_WARN_64_TO_32_BIT_CONVERSION = YES;
				GCC_WARN_ABOUT_RETURN_TYPE = YES_ERROR;
				GCC_WARN_UNDECLARED_SELECTOR = YES;
				GCC_WARN_UNINITIALIZED_AUTOS = YES_AGGRESSIVE;
				GCC_WARN_UNUSED_FUNCTION = YES;
				GCC_WARN_UNUSED_VARIABLE = YES;
				IPHONEOS_DEPLOYMENT_TARGET = 10.2;
				MTL_ENABLE_DEBUG_INFO = YES;
				ONLY_ACTIVE_ARCH = YES;
				SDKROOT = iphoneos;
				SWIFT_ACTIVE_COMPILATION_CONDITIONS = DEBUG;
				SWIFT_OPTIMIZATION_LEVEL = "-Onone";
			};
			name = Debug;
		};
		6B3077081E0F9DD70027D017 /* Release */ = {
			isa = XCBuildConfiguration;
			buildSettings = {
				ALWAYS_SEARCH_USER_PATHS = NO;
				CLANG_ANALYZER_NONNULL = YES;
				CLANG_CXX_LANGUAGE_STANDARD = "gnu++0x";
				CLANG_CXX_LIBRARY = "libc++";
				CLANG_ENABLE_MODULES = YES;
				CLANG_ENABLE_OBJC_ARC = YES;
				CLANG_WARN_BOOL_CONVERSION = YES;
				CLANG_WARN_CONSTANT_CONVERSION = YES;
				CLANG_WARN_DIRECT_OBJC_ISA_USAGE = YES_ERROR;
				CLANG_WARN_DOCUMENTATION_COMMENTS = YES;
				CLANG_WARN_EMPTY_BODY = YES;
				CLANG_WARN_ENUM_CONVERSION = YES;
				CLANG_WARN_INFINITE_RECURSION = YES;
				CLANG_WARN_INT_CONVERSION = YES;
				CLANG_WARN_OBJC_ROOT_CLASS = YES_ERROR;
				CLANG_WARN_SUSPICIOUS_MOVE = YES;
				CLANG_WARN_UNREACHABLE_CODE = YES;
				CLANG_WARN__DUPLICATE_METHOD_MATCH = YES;
				"CODE_SIGN_IDENTITY[sdk=iphoneos*]" = "iPhone Developer";
				COPY_PHASE_STRIP = NO;
				DEBUG_INFORMATION_FORMAT = "dwarf-with-dsym";
				ENABLE_NS_ASSERTIONS = NO;
				ENABLE_STRICT_OBJC_MSGSEND = YES;
				GCC_C_LANGUAGE_STANDARD = gnu99;
				GCC_NO_COMMON_BLOCKS = YES;
				GCC_WARN_64_TO_32_BIT_CONVERSION = YES;
				GCC_WARN_ABOUT_RETURN_TYPE = YES_ERROR;
				GCC_WARN_UNDECLARED_SELECTOR = YES;
				GCC_WARN_UNINITIALIZED_AUTOS = YES_AGGRESSIVE;
				GCC_WARN_UNUSED_FUNCTION = YES;
				GCC_WARN_UNUSED_VARIABLE = YES;
				IPHONEOS_DEPLOYMENT_TARGET = 10.2;
				MTL_ENABLE_DEBUG_INFO = NO;
				SDKROOT = iphoneos;
				SWIFT_OPTIMIZATION_LEVEL = "-Owholemodule";
				VALIDATE_PRODUCT = YES;
			};
			name = Release;
		};
		6B30770A1E0F9DD70027D017 /* Debug */ = {
			isa = XCBuildConfiguration;
			buildSettings = {
				ASSETCATALOG_COMPILER_APPICON_NAME = AppIcon;
				DEVELOPMENT_TEAM = 976H852GCK;
				INFOPLIST_FILE = ora2/Info.plist;
				LD_RUNPATH_SEARCH_PATHS = "$(inherited) @executable_path/Frameworks";
				PRODUCT_BUNDLE_IDENTIFIER = btc.ora2;
				PRODUCT_NAME = "$(TARGET_NAME)";
				SWIFT_VERSION = 3.0;
			};
			name = Debug;
		};
		6B30770B1E0F9DD70027D017 /* Release */ = {
			isa = XCBuildConfiguration;
			buildSettings = {
				ASSETCATALOG_COMPILER_APPICON_NAME = AppIcon;
				DEVELOPMENT_TEAM = 976H852GCK;
				INFOPLIST_FILE = ora2/Info.plist;
				LD_RUNPATH_SEARCH_PATHS = "$(inherited) @executable_path/Frameworks";
				PRODUCT_BUNDLE_IDENTIFIER = btc.ora2;
				PRODUCT_NAME = "$(TARGET_NAME)";
				SWIFT_VERSION = 3.0;
			};
			name = Release;
		};
		6B30770D1E0F9DD70027D017 /* Debug */ = {
			isa = XCBuildConfiguration;
			buildSettings = {
				ALWAYS_EMBED_SWIFT_STANDARD_LIBRARIES = YES;
				BUNDLE_LOADER = "$(TEST_HOST)";
				DEVELOPMENT_TEAM = 976H852GCK;
				INFOPLIST_FILE = ora2Tests/Info.plist;
				LD_RUNPATH_SEARCH_PATHS = "$(inherited) @executable_path/Frameworks @loader_path/Frameworks";
				PRODUCT_BUNDLE_IDENTIFIER = btc.ora2Tests;
				PRODUCT_NAME = "$(TARGET_NAME)";
				SWIFT_VERSION = 3.0;
				TEST_HOST = "$(BUILT_PRODUCTS_DIR)/ora2.app/ora2";
			};
			name = Debug;
		};
		6B30770E1E0F9DD70027D017 /* Release */ = {
			isa = XCBuildConfiguration;
			buildSettings = {
				ALWAYS_EMBED_SWIFT_STANDARD_LIBRARIES = YES;
				BUNDLE_LOADER = "$(TEST_HOST)";
				DEVELOPMENT_TEAM = 976H852GCK;
				INFOPLIST_FILE = ora2Tests/Info.plist;
				LD_RUNPATH_SEARCH_PATHS = "$(inherited) @executable_path/Frameworks @loader_path/Frameworks";
				PRODUCT_BUNDLE_IDENTIFIER = btc.ora2Tests;
				PRODUCT_NAME = "$(TARGET_NAME)";
				SWIFT_VERSION = 3.0;
				TEST_HOST = "$(BUILT_PRODUCTS_DIR)/ora2.app/ora2";
			};
			name = Release;
		};
		6B3077101E0F9DD70027D017 /* Debug */ = {
			isa = XCBuildConfiguration;
			buildSettings = {
				ALWAYS_EMBED_SWIFT_STANDARD_LIBRARIES = YES;
				DEVELOPMENT_TEAM = 976H852GCK;
				INFOPLIST_FILE = ora2UITests/Info.plist;
				LD_RUNPATH_SEARCH_PATHS = "$(inherited) @executable_path/Frameworks @loader_path/Frameworks";
				PRODUCT_BUNDLE_IDENTIFIER = btc.ora2UITests;
				PRODUCT_NAME = "$(TARGET_NAME)";
				SWIFT_VERSION = 3.0;
				TEST_TARGET_NAME = ora2;
			};
			name = Debug;
		};
		6B3077111E0F9DD70027D017 /* Release */ = {
			isa = XCBuildConfiguration;
			buildSettings = {
				ALWAYS_EMBED_SWIFT_STANDARD_LIBRARIES = YES;
				DEVELOPMENT_TEAM = 976H852GCK;
				INFOPLIST_FILE = ora2UITests/Info.plist;
				LD_RUNPATH_SEARCH_PATHS = "$(inherited) @executable_path/Frameworks @loader_path/Frameworks";
				PRODUCT_BUNDLE_IDENTIFIER = btc.ora2UITests;
				PRODUCT_NAME = "$(TARGET_NAME)";
				SWIFT_VERSION = 3.0;
				TEST_TARGET_NAME = ora2;
			};
			name = Release;
		};
/* End XCBuildConfiguration section */

/* Begin XCConfigurationList section */
		6B3076DC1E0F9DD60027D017 /* Build configuration list for PBXProject "ora2" */ = {
			isa = XCConfigurationList;
			buildConfigurations = (
				6B3077071E0F9DD70027D017 /* Debug */,
				6B3077081E0F9DD70027D017 /* Release */,
			);
			defaultConfigurationIsVisible = 0;
			defaultConfigurationName = Release;
		};
		6B3077091E0F9DD70027D017 /* Build configuration list for PBXNativeTarget "ora2" */ = {
			isa = XCConfigurationList;
			buildConfigurations = (
				6B30770A1E0F9DD70027D017 /* Debug */,
				6B30770B1E0F9DD70027D017 /* Release */,
			);
			defaultConfigurationIsVisible = 0;
		};
		6B30770C1E0F9DD70027D017 /* Build configuration list for PBXNativeTarget "ora2Tests" */ = {
			isa = XCConfigurationList;
			buildConfigurations = (
				6B30770D1E0F9DD70027D017 /* Debug */,
				6B30770E1E0F9DD70027D017 /* Release */,
			);
			defaultConfigurationIsVisible = 0;
		};
		6B30770F1E0F9DD70027D017 /* Build configuration list for PBXNativeTarget "ora2UITests" */ = {
			isa = XCConfigurationList;
			buildConfigurations = (
				6B3077101E0F9DD70027D017 /* Debug */,
				6B3077111E0F9DD70027D017 /* Release */,
			);
			defaultConfigurationIsVisible = 0;
		};
/* End XCConfigurationList section */
	};
	rootObject = 6B3076D91E0F9DD60027D017 /* Project object */;
}
